<?xml version="1.0" encoding="utf-8"?>
<Project ToolsVersion="4.0" xmlns="http://schemas.microsoft.com/developer/msbuild/2003">
  <ItemGroup>
    <Filter Include="Source Files">
      <UniqueIdentifier>{4FC737F1-C7A5-4376-A066-2A32D752A2FF}</UniqueIdentifier>
      <Extensions>cpp;cxx;c;def</Extensions>
    </Filter>
    <Filter Include="Header Files">
      <UniqueIdentifier>{93995380-89BD-4b04-88EB-625FBE52EBFB}</UniqueIdentifier>
      <Extensions>h</Extensions>
    </Filter>
    <Filter Include="Form Files">
      <UniqueIdentifier>{99349809-55BA-4b9d-BF79-8FDBB0286EB3}</UniqueIdentifier>
      <Extensions>ui</Extensions>
    </Filter>
    <Filter Include="Resource Files">
      <UniqueIdentifier>{D9D6E242-F8AF-46E4-B9FD-80ECBC20BA3E}</UniqueIdentifier>
      <Extensions>qrc;*</Extensions>
      <ParseFiles>false</ParseFiles>
    </Filter>
    <Filter Include="Generated Files">
      <UniqueIdentifier>{71ED8ED8-ACB9-4CE9-BBE1-E00B30144E11}</UniqueIdentifier>
      <Extensions>moc;h;cpp</Extensions>
      <SourceControlFiles>False</SourceControlFiles>
    </Filter>
    <Filter Include="Generated Files\Debug">
      <UniqueIdentifier>{b39fec50-8ca3-4405-91a2-0b988aba917c}</UniqueIdentifier>
      <Extensions>cpp;moc</Extensions>
      <SourceControlFiles>False</SourceControlFiles>
    </Filter>
    <Filter Include="Generated Files\Release">
      <UniqueIdentifier>{10882f2d-976a-4b98-91f0-a4a1f8829b74}</UniqueIdentifier>
      <Extensions>cpp;moc</Extensions>
      <SourceControlFiles>False</SourceControlFiles>
    </Filter>
  </ItemGroup>
  <ItemGroup>
    <ClCompile Include="main.cpp">
      <Filter>Source Files</Filter>
    </ClCompile>
    <ClCompile Include="taichigame.cpp">
      <Filter>Source Files</Filter>
    </ClCompile>
    <ClCompile Include="gesturedetection.cpp">
      <Filter>Source Files</Filter>
    </ClCompile>
    <ClCompile Include="evaluatethread.cpp">
      <Filter>Source Files</Filter>
    </ClCompile>
    <ClCompile Include="database.cpp">
      <Filter>Source Files</Filter>
    </ClCompile>
    <ClCompile Include="labelwithborder.cpp">
      <Filter>Source Files</Filter>
    </ClCompile>
    
    
    
    
    
    <ClCompile Include="playbackrecordthread.cpp">
      <Filter>Source Files</Filter>
    </ClCompile>
    
    
    
    
    
    <ClCompile Include="registerwidget.cpp">
      <Filter>Source Files</Filter>
    </ClCompile>
  </ItemGroup>
  <ItemGroup>
    <QtUic Include="taichigame.ui">
      <Filter>Form Files</Filter>
    </QtUic>
    <QtMoc Include="taichigame.h">
      <Filter>Header Files</Filter>
    </QtMoc>
    <QtMoc Include="evaluatethread.h">
      <Filter>Header Files</Filter>
    </QtMoc>
    <QtMoc Include="labelwithborder.h">
      <Filter>Header Files</Filter>
    </QtMoc>
    <QtRcc Include="taichigame.qrc">
      <Filter>Resource Files</Filter>
    </QtRcc>
    <CustomBuild Include="resource.h">
      <Filter>Header Files</Filter>
    </CustomBuild>
    <CustomBuild Include="database.h">
      <Filter>Header Files</Filter>
    </CustomBuild>
    <CustomBuild Include="gesturedetection.h">
      <Filter>Header Files</Filter>
    </CustomBuild>
    <CustomBuild Include="GeneratedFiles\ui_taichigame.h">
      <Filter>Generated Files</Filter>
    </CustomBuild>
    <QtMoc Include="playbackrecordthread.h">
      <Filter>Header Files</Filter>
    </QtMoc>
    <QtMoc Include="registerwidget.h">
      <Filter>Header Files</Filter>
    </QtMoc>
  </ItemGroup>
  <ItemGroup>
    <ResourceCompile Include="TaichiGame.rc" />
  </ItemGroup>
</Project>